
Microsoft Visual Studio Solution File, Format Version 12.00
# Visual Studio Version 16
VisualStudioVersion = 16.0.30309.148
MinimumVisualStudioVersion = 10.0.40219.1
Project("{2150E333-8FDC-42A3-9474-1A3956D46DE8}") = "02. OAuthImplementation", "02. OAuthImplementation", "{3761CC1E-8C6A-4580-A2D7-8AB38DCFEBBE}"
EndProject
Project("{2150E333-8FDC-42A3-9474-1A3956D46DE8}") = "01. BasicSecurity", "01. BasicSecurity", "{DD0B08D8-B8AE-42DD-AE97-CC0F7D7A45C5}"
EndProject
Project("{9A19103F-16F7-4668-BE54-9A1E7A4F7556}") = "01. AuthenticationBasics", "BasicSecurity\AuthenticationBasics\01. AuthenticationBasics.csproj", "{473471A5-939C-4349-8C94-E56E4265907A}"
EndProject
Project("{9A19103F-16F7-4668-BE54-9A1E7A4F7556}") = "02. AuthorizationBasics", "BasicSecurity\AuthorizationBasics\02. AuthorizationBasics.csproj", "{1F569E0C-31D5-4F40-A962-77BC627E8663}"
EndProject
Project("{9A19103F-16F7-4668-BE54-9A1E7A4F7556}") = "03. IdentityBasics", "BasicSecurity\IdentityBasics\03. IdentityBasics.csproj", "{8F30EDC9-8187-4B1D-9B01-3187E9DEC6BF}"
EndProject
Project("{9A19103F-16F7-4668-BE54-9A1E7A4F7556}") = "04. StatelessSecurity", "BasicSecurity\StatelessSecurity\04. StatelessSecurity.csproj", "{06996279-2BAE-4FBE-9D06-FA98E7B9967A}"
EndProject
Project("{9A19103F-16F7-4668-BE54-9A1E7A4F7556}") = "05. AuthorizationServer", "OAuthImplementation\AuthorizationServer\05. AuthorizationServer.csproj", "{188522F2-6E05-4A80-ADCD-AFD559CF63A6}"
EndProject
Project("{9A19103F-16F7-4668-BE54-9A1E7A4F7556}") = "05. Client", "OAuthImplementation\Client\05. Client.csproj", "{589C7CE7-E30D-4F80-A8A5-50EEA3CCE269}"
EndProject
Project("{9A19103F-16F7-4668-BE54-9A1E7A4F7556}") = "05. Resources", "OAuthImplementation\Resources\05. Resources.csproj", "{C45C38DF-5E89-462A-8B40-E49C4AAD38D3}"
EndProject
Project("{2150E333-8FDC-42A3-9474-1A3956D46DE8}") = "03. ClientCredentials", "03. ClientCredentials", "{127E90DE-D2E4-498F-9DBB-CC7B26851723}"
EndProject
Project("{9A19103F-16F7-4668-BE54-9A1E7A4F7556}") = "06. IdentityServer", "ClientCredentials\IdentityServer\06. IdentityServer.csproj", "{B71FD64A-AFCD-4D92-9B90-8050432672B4}"
EndProject
Project("{9A19103F-16F7-4668-BE54-9A1E7A4F7556}") = "06. CatsApi", "ClientCredentials\CatsApi\06. CatsApi.csproj", "{AD3E82AD-EAA1-44CF-8DF0-5F9BF7DAB419}"
EndProject
Project("{9A19103F-16F7-4668-BE54-9A1E7A4F7556}") = "06. Owners", "ClientCredentials\Owners\06. Owners.csproj", "{1A2F1757-C383-4ABA-9D3E-A7DF39FA1C2C}"
EndProject
Project("{2150E333-8FDC-42A3-9474-1A3956D46DE8}") = "04. AuthorizationDodeFlow", "04. AuthorizationDodeFlow", "{2AF8917C-08CB-4453-815F-23FC6BD8C1B5}"
EndProject
Project("{9A19103F-16F7-4668-BE54-9A1E7A4F7556}") = "07. IdentityServer", "AuthorizationCodeFlow\IdentityServer\07. IdentityServer.csproj", "{45CEB774-3C46-4343-9F88-9CF01CC866F5}"
EndProject
Project("{9A19103F-16F7-4668-BE54-9A1E7A4F7556}") = "07. WebClient", "AuthorizationCodeFlow\WebClient\07. WebClient.csproj", "{1CB0568E-9C91-4648-BC32-AE0BB6DAA3DB}"
EndProject
Project("{2150E333-8FDC-42A3-9474-1A3956D46DE8}") = "05. CustomClaims", "05. CustomClaims", "{42695D37-E71E-4581-BD90-19A711C6958B}"
EndProject
Project("{9A19103F-16F7-4668-BE54-9A1E7A4F7556}") = "08. IdentityServer", "CustomClaims\IdentityServer\08. IdentityServer.csproj", "{DA35632F-79D2-4475-B0CB-F97D45D76951}"
EndProject
Project("{9A19103F-16F7-4668-BE54-9A1E7A4F7556}") = "08. WebClient", "CustomClaims\WebClient\08. WebClient.csproj", "{276B39CC-6E44-49A0-8A27-3DF4011F77B0}"
EndProject
Project("{2150E333-8FDC-42A3-9474-1A3956D46DE8}") = "06. RefreshToken", "06. RefreshToken", "{BDD4C70E-A63C-4020-9C26-6DF396B055FE}"
EndProject
Project("{9A19103F-16F7-4668-BE54-9A1E7A4F7556}") = "09. IdentityServer", "RefreshToken\IdentityServer\09. IdentityServer.csproj", "{27EACD44-2CE2-4672-9A62-FF79D954F953}"
EndProject
Project("{9A19103F-16F7-4668-BE54-9A1E7A4F7556}") = "09. WebClient", "RefreshToken\WebClient\09. WebClient.csproj", "{6774C7CF-0533-4755-885F-0FB58917321C}"
EndProject
Project("{2150E333-8FDC-42A3-9474-1A3956D46DE8}") = "07. ImplicitFlow", "07. ImplicitFlow", "{AE5C82F9-BB98-4D95-861D-DA2A53777957}"
EndProject
Project("{9A19103F-16F7-4668-BE54-9A1E7A4F7556}") = "10. IdentityServer", "ImplicitFlow\IdentityServer\10. IdentityServer.csproj", "{CF19BEC6-34C0-40C6-9D36-F7CBD3B54B4A}"
EndProject
Project("{9A19103F-16F7-4668-BE54-9A1E7A4F7556}") = "10. CatsApi", "ImplicitFlow\CatsApi\10. CatsApi.csproj", "{FB6FC1F2-9206-453D-B4E7-45A1F4995788}"
EndProject
Project("{9A19103F-16F7-4668-BE54-9A1E7A4F7556}") = "10. JavascriptClient", "ImplicitFlow\JavascriptClient\10. JavascriptClient.csproj", "{360D3D21-0B3C-4F61-B77E-070BC752633B}"
EndProject
Project("{2150E333-8FDC-42A3-9474-1A3956D46DE8}") = "08. PKCE", "08. PKCE", "{ABCB2E7F-1CB3-4A37-B3E0-E1E79FD9EBE4}"
EndProject
Project("{9A19103F-16F7-4668-BE54-9A1E7A4F7556}") = "11. IdentityServer", "PKCE\IdentityServer\11. IdentityServer.csproj", "{8D77C582-ABFD-48A0-B917-CAE0B1D3BE35}"
EndProject
Project("{9A19103F-16F7-4668-BE54-9A1E7A4F7556}") = "11. WebClient", "PKCE\WebClient\11. WebClient.csproj", "{A538F72D-2A5C-410A-9025-E04DA92F2B54}"
EndProject
Project("{9A19103F-16F7-4668-BE54-9A1E7A4F7556}") = "11. JavascriptClient", "PKCE\JavascriptClient\11. JavascriptClient.csproj", "{7A31B877-0776-4D7D-B8CA-CB67ED555D32}"
EndProject
Project("{9A19103F-16F7-4668-BE54-9A1E7A4F7556}") = "11. CatsApi", "PKCE\CatsApi\11. CatsApi.csproj", "{D4BCE4C0-3055-45FC-B0B7-5DEA324133F5}"
EndProject
Project("{2150E333-8FDC-42A3-9474-1A3956D46DE8}") = "09. ExternalProviders", "09. ExternalProviders", "{F0AE8316-5C25-4C86-A3E2-FFA41581D69F}"
EndProject
Project("{9A19103F-16F7-4668-BE54-9A1E7A4F7556}") = "12. IdentityServer", "ExternalProviders\IdentityServer\12. IdentityServer.csproj", "{1CF41CB7-94B1-44C3-A288-A229B59D6439}"
EndProject
Project("{9A19103F-16F7-4668-BE54-9A1E7A4F7556}") = "12. WebClient", "ExternalProviders\WebClient\12. WebClient.csproj", "{A97E66BA-3052-493E-8380-DBB38C389605}"
EndProject
Global
	GlobalSection(SolutionConfigurationPlatforms) = preSolution
		Debug|Any CPU = Debug|Any CPU
		Release|Any CPU = Release|Any CPU
	EndGlobalSection
	GlobalSection(ProjectConfigurationPlatforms) = postSolution
		{473471A5-939C-4349-8C94-E56E4265907A}.Debug|Any CPU.ActiveCfg = Debug|Any CPU
		{473471A5-939C-4349-8C94-E56E4265907A}.Debug|Any CPU.Build.0 = Debug|Any CPU
		{473471A5-939C-4349-8C94-E56E4265907A}.Release|Any CPU.ActiveCfg = Release|Any CPU
		{473471A5-939C-4349-8C94-E56E4265907A}.Release|Any CPU.Build.0 = Release|Any CPU
		{1F569E0C-31D5-4F40-A962-77BC627E8663}.Debug|Any CPU.ActiveCfg = Debug|Any CPU
		{1F569E0C-31D5-4F40-A962-77BC627E8663}.Debug|Any CPU.Build.0 = Debug|Any CPU
		{1F569E0C-31D5-4F40-A962-77BC627E8663}.Release|Any CPU.ActiveCfg = Release|Any CPU
		{1F569E0C-31D5-4F40-A962-77BC627E8663}.Release|Any CPU.Build.0 = Release|Any CPU
		{8F30EDC9-8187-4B1D-9B01-3187E9DEC6BF}.Debug|Any CPU.ActiveCfg = Debug|Any CPU
		{8F30EDC9-8187-4B1D-9B01-3187E9DEC6BF}.Debug|Any CPU.Build.0 = Debug|Any CPU
		{8F30EDC9-8187-4B1D-9B01-3187E9DEC6BF}.Release|Any CPU.ActiveCfg = Release|Any CPU
		{8F30EDC9-8187-4B1D-9B01-3187E9DEC6BF}.Release|Any CPU.Build.0 = Release|Any CPU
		{06996279-2BAE-4FBE-9D06-FA98E7B9967A}.Debug|Any CPU.ActiveCfg = Debug|Any CPU
		{06996279-2BAE-4FBE-9D06-FA98E7B9967A}.Debug|Any CPU.Build.0 = Debug|Any CPU
		{06996279-2BAE-4FBE-9D06-FA98E7B9967A}.Release|Any CPU.ActiveCfg = Release|Any CPU
		{06996279-2BAE-4FBE-9D06-FA98E7B9967A}.Release|Any CPU.Build.0 = Release|Any CPU
		{188522F2-6E05-4A80-ADCD-AFD559CF63A6}.Debug|Any CPU.ActiveCfg = Debug|Any CPU
		{188522F2-6E05-4A80-ADCD-AFD559CF63A6}.Debug|Any CPU.Build.0 = Debug|Any CPU
		{188522F2-6E05-4A80-ADCD-AFD559CF63A6}.Release|Any CPU.ActiveCfg = Release|Any CPU
		{188522F2-6E05-4A80-ADCD-AFD559CF63A6}.Release|Any CPU.Build.0 = Release|Any CPU
		{589C7CE7-E30D-4F80-A8A5-50EEA3CCE269}.Debug|Any CPU.ActiveCfg = Debug|Any CPU
		{589C7CE7-E30D-4F80-A8A5-50EEA3CCE269}.Debug|Any CPU.Build.0 = Debug|Any CPU
		{589C7CE7-E30D-4F80-A8A5-50EEA3CCE269}.Release|Any CPU.ActiveCfg = Release|Any CPU
		{589C7CE7-E30D-4F80-A8A5-50EEA3CCE269}.Release|Any CPU.Build.0 = Release|Any CPU
		{C45C38DF-5E89-462A-8B40-E49C4AAD38D3}.Debug|Any CPU.ActiveCfg = Debug|Any CPU
		{C45C38DF-5E89-462A-8B40-E49C4AAD38D3}.Debug|Any CPU.Build.0 = Debug|Any CPU
		{C45C38DF-5E89-462A-8B40-E49C4AAD38D3}.Release|Any CPU.ActiveCfg = Release|Any CPU
		{C45C38DF-5E89-462A-8B40-E49C4AAD38D3}.Release|Any CPU.Build.0 = Release|Any CPU
		{B71FD64A-AFCD-4D92-9B90-8050432672B4}.Debug|Any CPU.ActiveCfg = Debug|Any CPU
		{B71FD64A-AFCD-4D92-9B90-8050432672B4}.Debug|Any CPU.Build.0 = Debug|Any CPU
		{B71FD64A-AFCD-4D92-9B90-8050432672B4}.Release|Any CPU.ActiveCfg = Release|Any CPU
		{B71FD64A-AFCD-4D92-9B90-8050432672B4}.Release|Any CPU.Build.0 = Release|Any CPU
		{AD3E82AD-EAA1-44CF-8DF0-5F9BF7DAB419}.Debug|Any CPU.ActiveCfg = Debug|Any CPU
		{AD3E82AD-EAA1-44CF-8DF0-5F9BF7DAB419}.Debug|Any CPU.Build.0 = Debug|Any CPU
		{AD3E82AD-EAA1-44CF-8DF0-5F9BF7DAB419}.Release|Any CPU.ActiveCfg = Release|Any CPU
		{AD3E82AD-EAA1-44CF-8DF0-5F9BF7DAB419}.Release|Any CPU.Build.0 = Release|Any CPU
		{1A2F1757-C383-4ABA-9D3E-A7DF39FA1C2C}.Debug|Any CPU.ActiveCfg = Debug|Any CPU
		{1A2F1757-C383-4ABA-9D3E-A7DF39FA1C2C}.Debug|Any CPU.Build.0 = Debug|Any CPU
		{1A2F1757-C383-4ABA-9D3E-A7DF39FA1C2C}.Release|Any CPU.ActiveCfg = Release|Any CPU
		{1A2F1757-C383-4ABA-9D3E-A7DF39FA1C2C}.Release|Any CPU.Build.0 = Release|Any CPU
		{45CEB774-3C46-4343-9F88-9CF01CC866F5}.Debug|Any CPU.ActiveCfg = Debug|Any CPU
		{45CEB774-3C46-4343-9F88-9CF01CC866F5}.Debug|Any CPU.Build.0 = Debug|Any CPU
		{45CEB774-3C46-4343-9F88-9CF01CC866F5}.Release|Any CPU.ActiveCfg = Release|Any CPU
		{45CEB774-3C46-4343-9F88-9CF01CC866F5}.Release|Any CPU.Build.0 = Release|Any CPU
		{1CB0568E-9C91-4648-BC32-AE0BB6DAA3DB}.Debug|Any CPU.ActiveCfg = Debug|Any CPU
		{1CB0568E-9C91-4648-BC32-AE0BB6DAA3DB}.Debug|Any CPU.Build.0 = Debug|Any CPU
		{1CB0568E-9C91-4648-BC32-AE0BB6DAA3DB}.Release|Any CPU.ActiveCfg = Release|Any CPU
		{1CB0568E-9C91-4648-BC32-AE0BB6DAA3DB}.Release|Any CPU.Build.0 = Release|Any CPU
		{DA35632F-79D2-4475-B0CB-F97D45D76951}.Debug|Any CPU.ActiveCfg = Debug|Any CPU
		{DA35632F-79D2-4475-B0CB-F97D45D76951}.Debug|Any CPU.Build.0 = Debug|Any CPU
		{DA35632F-79D2-4475-B0CB-F97D45D76951}.Release|Any CPU.ActiveCfg = Release|Any CPU
		{DA35632F-79D2-4475-B0CB-F97D45D76951}.Release|Any CPU.Build.0 = Release|Any CPU
		{276B39CC-6E44-49A0-8A27-3DF4011F77B0}.Debug|Any CPU.ActiveCfg = Debug|Any CPU
		{276B39CC-6E44-49A0-8A27-3DF4011F77B0}.Debug|Any CPU.Build.0 = Debug|Any CPU
		{276B39CC-6E44-49A0-8A27-3DF4011F77B0}.Release|Any CPU.ActiveCfg = Release|Any CPU
		{276B39CC-6E44-49A0-8A27-3DF4011F77B0}.Release|Any CPU.Build.0 = Release|Any CPU
		{27EACD44-2CE2-4672-9A62-FF79D954F953}.Debug|Any CPU.ActiveCfg = Debug|Any CPU
		{27EACD44-2CE2-4672-9A62-FF79D954F953}.Debug|Any CPU.Build.0 = Debug|Any CPU
		{27EACD44-2CE2-4672-9A62-FF79D954F953}.Release|Any CPU.ActiveCfg = Release|Any CPU
		{27EACD44-2CE2-4672-9A62-FF79D954F953}.Release|Any CPU.Build.0 = Release|Any CPU
		{6774C7CF-0533-4755-885F-0FB58917321C}.Debug|Any CPU.ActiveCfg = Debug|Any CPU
		{6774C7CF-0533-4755-885F-0FB58917321C}.Debug|Any CPU.Build.0 = Debug|Any CPU
		{6774C7CF-0533-4755-885F-0FB58917321C}.Release|Any CPU.ActiveCfg = Release|Any CPU
		{6774C7CF-0533-4755-885F-0FB58917321C}.Release|Any CPU.Build.0 = Release|Any CPU
		{CF19BEC6-34C0-40C6-9D36-F7CBD3B54B4A}.Debug|Any CPU.ActiveCfg = Debug|Any CPU
		{CF19BEC6-34C0-40C6-9D36-F7CBD3B54B4A}.Debug|Any CPU.Build.0 = Debug|Any CPU
		{CF19BEC6-34C0-40C6-9D36-F7CBD3B54B4A}.Release|Any CPU.ActiveCfg = Release|Any CPU
		{CF19BEC6-34C0-40C6-9D36-F7CBD3B54B4A}.Release|Any CPU.Build.0 = Release|Any CPU
		{FB6FC1F2-9206-453D-B4E7-45A1F4995788}.Debug|Any CPU.ActiveCfg = Debug|Any CPU
		{FB6FC1F2-9206-453D-B4E7-45A1F4995788}.Debug|Any CPU.Build.0 = Debug|Any CPU
		{FB6FC1F2-9206-453D-B4E7-45A1F4995788}.Release|Any CPU.ActiveCfg = Release|Any CPU
		{FB6FC1F2-9206-453D-B4E7-45A1F4995788}.Release|Any CPU.Build.0 = Release|Any CPU
		{360D3D21-0B3C-4F61-B77E-070BC752633B}.Debug|Any CPU.ActiveCfg = Debug|Any CPU
		{360D3D21-0B3C-4F61-B77E-070BC752633B}.Debug|Any CPU.Build.0 = Debug|Any CPU
		{360D3D21-0B3C-4F61-B77E-070BC752633B}.Release|Any CPU.ActiveCfg = Release|Any CPU
		{360D3D21-0B3C-4F61-B77E-070BC752633B}.Release|Any CPU.Build.0 = Release|Any CPU
		{8D77C582-ABFD-48A0-B917-CAE0B1D3BE35}.Debug|Any CPU.ActiveCfg = Debug|Any CPU
		{8D77C582-ABFD-48A0-B917-CAE0B1D3BE35}.Debug|Any CPU.Build.0 = Debug|Any CPU
		{8D77C582-ABFD-48A0-B917-CAE0B1D3BE35}.Release|Any CPU.ActiveCfg = Release|Any CPU
		{8D77C582-ABFD-48A0-B917-CAE0B1D3BE35}.Release|Any CPU.Build.0 = Release|Any CPU
		{A538F72D-2A5C-410A-9025-E04DA92F2B54}.Debug|Any CPU.ActiveCfg = Debug|Any CPU
		{A538F72D-2A5C-410A-9025-E04DA92F2B54}.Debug|Any CPU.Build.0 = Debug|Any CPU
		{A538F72D-2A5C-410A-9025-E04DA92F2B54}.Release|Any CPU.ActiveCfg = Release|Any CPU
		{A538F72D-2A5C-410A-9025-E04DA92F2B54}.Release|Any CPU.Build.0 = Release|Any CPU
		{7A31B877-0776-4D7D-B8CA-CB67ED555D32}.Debug|Any CPU.ActiveCfg = Debug|Any CPU
		{7A31B877-0776-4D7D-B8CA-CB67ED555D32}.Debug|Any CPU.Build.0 = Debug|Any CPU
		{7A31B877-0776-4D7D-B8CA-CB67ED555D32}.Release|Any CPU.ActiveCfg = Release|Any CPU
		{7A31B877-0776-4D7D-B8CA-CB67ED555D32}.Release|Any CPU.Build.0 = Release|Any CPU
		{D4BCE4C0-3055-45FC-B0B7-5DEA324133F5}.Debug|Any CPU.ActiveCfg = Debug|Any CPU
		{D4BCE4C0-3055-45FC-B0B7-5DEA324133F5}.Debug|Any CPU.Build.0 = Debug|Any CPU
		{D4BCE4C0-3055-45FC-B0B7-5DEA324133F5}.Release|Any CPU.ActiveCfg = Release|Any CPU
		{D4BCE4C0-3055-45FC-B0B7-5DEA324133F5}.Release|Any CPU.Build.0 = Release|Any CPU
		{1CF41CB7-94B1-44C3-A288-A229B59D6439}.Debug|Any CPU.ActiveCfg = Debug|Any CPU
		{1CF41CB7-94B1-44C3-A288-A229B59D6439}.Debug|Any CPU.Build.0 = Debug|Any CPU
		{1CF41CB7-94B1-44C3-A288-A229B59D6439}.Release|Any CPU.ActiveCfg = Release|Any CPU
		{1CF41CB7-94B1-44C3-A288-A229B59D6439}.Release|Any CPU.Build.0 = Release|Any CPU
		{A97E66BA-3052-493E-8380-DBB38C389605}.Debug|Any CPU.ActiveCfg = Debug|Any CPU
		{A97E66BA-3052-493E-8380-DBB38C389605}.Debug|Any CPU.Build.0 = Debug|Any CPU
		{A97E66BA-3052-493E-8380-DBB38C389605}.Release|Any CPU.ActiveCfg = Release|Any CPU
		{A97E66BA-3052-493E-8380-DBB38C389605}.Release|Any CPU.Build.0 = Release|Any CPU
	EndGlobalSection
	GlobalSection(SolutionProperties) = preSolution
		HideSolutionNode = FALSE
	EndGlobalSection
	GlobalSection(NestedProjects) = preSolution
		{473471A5-939C-4349-8C94-E56E4265907A} = {DD0B08D8-B8AE-42DD-AE97-CC0F7D7A45C5}
		{1F569E0C-31D5-4F40-A962-77BC627E8663} = {DD0B08D8-B8AE-42DD-AE97-CC0F7D7A45C5}
		{8F30EDC9-8187-4B1D-9B01-3187E9DEC6BF} = {DD0B08D8-B8AE-42DD-AE97-CC0F7D7A45C5}
		{06996279-2BAE-4FBE-9D06-FA98E7B9967A} = {DD0B08D8-B8AE-42DD-AE97-CC0F7D7A45C5}
		{188522F2-6E05-4A80-ADCD-AFD559CF63A6} = {3761CC1E-8C6A-4580-A2D7-8AB38DCFEBBE}
		{589C7CE7-E30D-4F80-A8A5-50EEA3CCE269} = {3761CC1E-8C6A-4580-A2D7-8AB38DCFEBBE}
		{C45C38DF-5E89-462A-8B40-E49C4AAD38D3} = {3761CC1E-8C6A-4580-A2D7-8AB38DCFEBBE}
		{B71FD64A-AFCD-4D92-9B90-8050432672B4} = {127E90DE-D2E4-498F-9DBB-CC7B26851723}
		{AD3E82AD-EAA1-44CF-8DF0-5F9BF7DAB419} = {127E90DE-D2E4-498F-9DBB-CC7B26851723}
		{1A2F1757-C383-4ABA-9D3E-A7DF39FA1C2C} = {127E90DE-D2E4-498F-9DBB-CC7B26851723}
		{45CEB774-3C46-4343-9F88-9CF01CC866F5} = {2AF8917C-08CB-4453-815F-23FC6BD8C1B5}
		{1CB0568E-9C91-4648-BC32-AE0BB6DAA3DB} = {2AF8917C-08CB-4453-815F-23FC6BD8C1B5}
		{DA35632F-79D2-4475-B0CB-F97D45D76951} = {42695D37-E71E-4581-BD90-19A711C6958B}
		{276B39CC-6E44-49A0-8A27-3DF4011F77B0} = {42695D37-E71E-4581-BD90-19A711C6958B}
		{27EACD44-2CE2-4672-9A62-FF79D954F953} = {BDD4C70E-A63C-4020-9C26-6DF396B055FE}
		{6774C7CF-0533-4755-885F-0FB58917321C} = {BDD4C70E-A63C-4020-9C26-6DF396B055FE}
		{CF19BEC6-34C0-40C6-9D36-F7CBD3B54B4A} = {AE5C82F9-BB98-4D95-861D-DA2A53777957}
		{FB6FC1F2-9206-453D-B4E7-45A1F4995788} = {AE5C82F9-BB98-4D95-861D-DA2A53777957}
		{360D3D21-0B3C-4F61-B77E-070BC752633B} = {AE5C82F9-BB98-4D95-861D-DA2A53777957}
		{8D77C582-ABFD-48A0-B917-CAE0B1D3BE35} = {ABCB2E7F-1CB3-4A37-B3E0-E1E79FD9EBE4}
		{A538F72D-2A5C-410A-9025-E04DA92F2B54} = {ABCB2E7F-1CB3-4A37-B3E0-E1E79FD9EBE4}
		{7A31B877-0776-4D7D-B8CA-CB67ED555D32} = {ABCB2E7F-1CB3-4A37-B3E0-E1E79FD9EBE4}
		{D4BCE4C0-3055-45FC-B0B7-5DEA324133F5} = {ABCB2E7F-1CB3-4A37-B3E0-E1E79FD9EBE4}
		{1CF41CB7-94B1-44C3-A288-A229B59D6439} = {F0AE8316-5C25-4C86-A3E2-FFA41581D69F}
		{A97E66BA-3052-493E-8380-DBB38C389605} = {F0AE8316-5C25-4C86-A3E2-FFA41581D69F}
	EndGlobalSection
	GlobalSection(ExtensibilityGlobals) = postSolution
		SolutionGuid = {5F3B145F-D972-48B9-A443-260063A02B4D}
	EndGlobalSection
EndGlobal
